schema: '2.0'
stages:
  preprocess:
    cmd: python src/preprocess.py
    deps:
    - path: data/raw/data.csv
      hash: md5
      md5: 020eea6cab9119acbd6c599a84429d81
      size: 246304348
    - path: src/preprocess.py
      hash: md5
      md5: c7eaec4cb89ca99da9b7e67031b1d0d8
      size: 2860
    params:
      params.yaml:
        preprocess.input: data/raw/data.csv
        preprocess.output: data/preprocessed/raw.csv
    outs:
    - path: data/preprocessed/raw.csv
      hash: md5
      md5: 7945bb10574ff75abd76ddd82fcff7ee
      size: 286810012
  train:
    cmd: python src/train.py
    deps:
    - path: data/preprocessed/raw.csv
      hash: md5
      md5: 7945bb10574ff75abd76ddd82fcff7ee
      size: 286810012
    - path: src/train.py
      hash: md5
      md5: 9bd4030eeb0b4ce88db7832a336f11c4
      size: 4121
    params:
      params.yaml:
        train.data: data/preprocessed/raw.csv
        train.max_depth: 10
        train.model: models/model.pkl
        train.n_estimators: 100
        train.random_state: 42
    outs:
    - path: models/model.pkl
      hash: md5
      md5: 5129bcd6e2df79644df8c5217319c6f5
      size: 48085133
  evaluate:
    cmd: python src/evaluate.py
    deps:
    - path: data/raw/data.csv
      hash: md5
      md5: 020eea6cab9119acbd6c599a84429d81
      size: 246304348
    - path: models/model.pkl
      hash: md5
      md5: 5129bcd6e2df79644df8c5217319c6f5
      size: 48085133
    - path: src/evaluate.py
      hash: md5
      md5: 692b91afe436db8aecd999c4a33e965b
      size: 1157
